// !$*UTF8*$!
{
	archiveVersion = 1;
	classes = {
	};
	objectVersion = 50;
	objects = {

/* Begin PBXBuildFile section */
		6449ADAE2494E32D0088BCE1 /* RatingControl.swift in Sources */ = {isa = PBXBuildFile; fileRef = 6449ADAD2494E32D0088BCE1 /* RatingControl.swift */; };
		6449ADB0249616130088BCE1 /* Meal.swift in Sources */ = {isa = PBXBuildFile; fileRef = 6449ADAF249616130088BCE1 /* Meal.swift */; };
		6449ADB424963AEE0088BCE1 /* MealTableViewCell.swift in Sources */ = {isa = PBXBuildFile; fileRef = 6449ADB324963AEE0088BCE1 /* MealTableViewCell.swift */; };
		6449ADB624964BCC0088BCE1 /* MealTableViewController.swift in Sources */ = {isa = PBXBuildFile; fileRef = 6449ADB524964BCC0088BCE1 /* MealTableViewController.swift */; };
		6B02569023D5BD37000CD9BD /* AppDelegate.swift in Sources */ = {isa = PBXBuildFile; fileRef = 6B02568F23D5BD37000CD9BD /* AppDelegate.swift */; };
		6B02569223D5BD37000CD9BD /* SceneDelegate.swift in Sources */ = {isa = PBXBuildFile; fileRef = 6B02569123D5BD37000CD9BD /* SceneDelegate.swift */; };
		6B02569423D5BD37000CD9BD /* MealDetailViewController.swift in Sources */ = {isa = PBXBuildFile; fileRef = 6B02569323D5BD37000CD9BD /* MealDetailViewController.swift */; };
		6B02569723D5BD37000CD9BD /* Main.storyboard in Resources */ = {isa = PBXBuildFile; fileRef = 6B02569523D5BD37000CD9BD /* Main.storyboard */; };
		6B02569923D5BD3E000CD9BD /* Assets.xcassets in Resources */ = {isa = PBXBuildFile; fileRef = 6B02569823D5BD3E000CD9BD /* Assets.xcassets */; };
		6B02569C23D5BD3E000CD9BD /* LaunchScreen.storyboard in Resources */ = {isa = PBXBuildFile; fileRef = 6B02569A23D5BD3E000CD9BD /* LaunchScreen.storyboard */; };
		6B0256A723D5BD3F000CD9BD /* FoodTrackerTests.swift in Sources */ = {isa = PBXBuildFile; fileRef = 6B0256A623D5BD3F000CD9BD /* FoodTrackerTests.swift */; };
/* End PBXBuildFile section */

/* Begin PBXContainerItemProxy section */
		6B0256A323D5BD3F000CD9BD /* PBXContainerItemProxy */ = {
			isa = PBXContainerItemProxy;
			containerPortal = 6B02568423D5BD37000CD9BD /* Project object */;
			proxyType = 1;
			remoteGlobalIDString = 6B02568B23D5BD37000CD9BD;
			remoteInfo = FoodTracker;
		};
/* End PBXContainerItemProxy section */

/* Begin PBXFileReference section */
		6449ADAD2494E32D0088BCE1 /* RatingControl.swift */ = {isa = PBXFileReference; lastKnownFileType = sourcecode.swift; path = RatingControl.swift; sourceTree = "<group>"; };
		6449ADAF249616130088BCE1 /* Meal.swift */ = {isa = PBXFileReference; lastKnownFileType = sourcecode.swift; path = Meal.swift; sourceTree = "<group>"; };
		6449ADB324963AEE0088BCE1 /* MealTableViewCell.swift */ = {isa = PBXFileReference; lastKnownFileType = sourcecode.swift; path = MealTableViewCell.swift; sourceTree = "<group>"; };
		6449ADB524964BCC0088BCE1 /* MealTableViewController.swift */ = {isa = PBXFileReference; lastKnownFileType = sourcecode.swift; path = MealTableViewController.swift; sourceTree = "<group>"; };
		6B02568C23D5BD37000CD9BD /* FoodTracker.app */ = {isa = PBXFileReference; explicitFileType = wrapper.application; includeInIndex = 0; path = FoodTracker.app; sourceTree = BUILT_PRODUCTS_DIR; };
		6B02568F23D5BD37000CD9BD /* AppDelegate.swift */ = {isa = PBXFileReference; lastKnownFileType = sourcecode.swift; path = AppDelegate.swift; sourceTree = "<group>"; };
		6B02569123D5BD37000CD9BD /* SceneDelegate.swift */ = {isa = PBXFileReference; lastKnownFileType = sourcecode.swift; path = SceneDelegate.swift; sourceTree = "<group>"; };
		6B02569323D5BD37000CD9BD /* MealDetailViewController.swift */ = {isa = PBXFileReference; lastKnownFileType = sourcecode.swift; path = MealDetailViewController.swift; sourceTree = "<group>"; };
		6B02569623D5BD37000CD9BD /* Base */ = {isa = PBXFileReference; lastKnownFileType = file.storyboard; name = Base; path = Base.lproj/Main.storyboard; sourceTree = "<group>"; };
		6B02569823D5BD3E000CD9BD /* Assets.xcassets */ = {isa = PBXFileReference; lastKnownFileType = folder.assetcatalog; path = Assets.xcassets; sourceTree = "<group>"; };
		6B02569B23D5BD3E000CD9BD /* Base */ = {isa = PBXFileReference; lastKnownFileType = file.storyboard; name = Base; path = Base.lproj/LaunchScreen.storyboard; sourceTree = "<group>"; };
		6B02569D23D5BD3E000CD9BD /* Info.plist */ = {isa = PBXFileReference; lastKnownFileType = text.plist.xml; path = Info.plist; sourceTree = "<group>"; };
		6B0256A223D5BD3F000CD9BD /* FoodTrackerTests.xctest */ = {isa = PBXFileReference; explicitFileType = wrapper.cfbundle; includeInIndex = 0; path = FoodTrackerTests.xctest; sourceTree = BUILT_PRODUCTS_DIR; };
		6B0256A623D5BD3F000CD9BD /* FoodTrackerTests.swift */ = {isa = PBXFileReference; lastKnownFileType = sourcecode.swift; path = FoodTrackerTests.swift; sourceTree = "<group>"; };
		6B0256A823D5BD3F000CD9BD /* Info.plist */ = {isa = PBXFileReference; lastKnownFileType = text.plist.xml; path = Info.plist; sourceTree = "<group>"; };
/* End PBXFileReference section */

/* Begin PBXFrameworksBuildPhase section */
		6B02568923D5BD37000CD9BD /* Frameworks */ = {
			isa = PBXFrameworksBuildPhase;
			buildActionMask = 2147483647;
			files = (
			);
			runOnlyForDeploymentPostprocessing = 0;
		};
		6B02569F23D5BD3F000CD9BD /* Frameworks */ = {
			isa = PBXFrameworksBuildPhase;
			buildActionMask = 2147483647;
			files = (
			);
			runOnlyForDeploymentPostprocessing = 0;
		};
/* End PBXFrameworksBuildPhase section */

/* Begin PBXGroup section */
		6B02568323D5BD37000CD9BD = {
			isa = PBXGroup;
			children = (
				6B02568E23D5BD37000CD9BD /* FoodTracker */,
				6B0256A523D5BD3F000CD9BD /* FoodTrackerTests */,
				6B02568D23D5BD37000CD9BD /* Products */,
			);
			sourceTree = "<group>";
		};
		6B02568D23D5BD37000CD9BD /* Products */ = {
			isa = PBXGroup;
			children = (
				6B02568C23D5BD37000CD9BD /* FoodTracker.app */,
				6B0256A223D5BD3F000CD9BD /* FoodTrackerTests.xctest */,
			);
			name = Products;
			sourceTree = "<group>";
		};
		6B02568E23D5BD37000CD9BD /* FoodTracker */ = {
			isa = PBXGroup;
			children = (
				6B02568F23D5BD37000CD9BD /* AppDelegate.swift */,
				6B02569123D5BD37000CD9BD /* SceneDelegate.swift */,
				6B02569323D5BD37000CD9BD /* MealDetailViewController.swift */,
				6B02569523D5BD37000CD9BD /* Main.storyboard */,
				6449ADB524964BCC0088BCE1 /* MealTableViewController.swift */,
				6449ADB324963AEE0088BCE1 /* MealTableViewCell.swift */,
				6449ADAD2494E32D0088BCE1 /* RatingControl.swift */,
				6449ADAF249616130088BCE1 /* Meal.swift */,
				6B02569823D5BD3E000CD9BD /* Assets.xcassets */,
				6B02569A23D5BD3E000CD9BD /* LaunchScreen.storyboard */,
				6B02569D23D5BD3E000CD9BD /* Info.plist */,
			);
			path = FoodTracker;
			sourceTree = "<group>";
		};
		6B0256A523D5BD3F000CD9BD /* FoodTrackerTests */ = {
			isa = PBXGroup;
			children = (
				6B0256A623D5BD3F000CD9BD /* FoodTrackerTests.swift */,
				6B0256A823D5BD3F000CD9BD /* Info.plist */,
			);
			path = FoodTrackerTests;
			sourceTree = "<group>";
		};
/* End PBXGroup section */

/* Begin PBXNativeTarget section */
		6B02568B23D5BD37000CD9BD /* FoodTracker */ = {
			isa = PBXNativeTarget;
			buildConfigurationList = 6B0256AB23D5BD3F000CD9BD /* Build configuration list for PBXNativeTarget "FoodTracker" */;
			buildPhases = (
				6B02568823D5BD37000CD9BD /* Sources */,
				6B02568923D5BD37000CD9BD /* Frameworks */,
				6B02568A23D5BD37000CD9BD /* Resources */,
			);
			buildRules = (
			);
			dependencies = (
			);
			name = FoodTracker;
			productName = FoodTracker;
			productReference = 6B02568C23D5BD37000CD9BD /* FoodTracker.app */;
			productType = "com.apple.product-type.application";
		};
		6B0256A123D5BD3F000CD9BD /* FoodTrackerTests */ = {
			isa = PBXNativeTarget;
			buildConfigurationList = 6B0256AE23D5BD3F000CD9BD /* Build configuration list for PBXNativeTarget "FoodTrackerTests" */;
			buildPhases = (
				6B02569E23D5BD3F000CD9BD /* Sources */,
				6B02569F23D5BD3F000CD9BD /* Frameworks */,
				6B0256A023D5BD3F000CD9BD /* Resources */,
			);
			buildRules = (
			);
			dependencies = (
				6B0256A423D5BD3F000CD9BD /* PBXTargetDependency */,
			);
			name = FoodTrackerTests;
			productName = FoodTrackerTests;
			productReference = 6B0256A223D5BD3F000CD9BD /* FoodTrackerTests.xctest */;
			productType = "com.apple.product-type.bundle.unit-test";
		};
/* End PBXNativeTarget section */

/* Begin PBXProject section */
		6B02568423D5BD37000CD9BD /* Project object */ = {
			isa = PBXProject;
			attributes = {
				LastSwiftUpdateCheck = 1130;
				LastUpgradeCheck = 1130;
				TargetAttributes = {
					6B02568B23D5BD37000CD9BD = {
						CreatedOnToolsVersion = 11.3;
					};
					6B0256A123D5BD3F000CD9BD = {
						CreatedOnToolsVersion = 11.3;
						TestTargetID = 6B02568B23D5BD37000CD9BD;
					};
				};
			};
			buildConfigurationList = 6B02568723D5BD37000CD9BD /* Build configuration list for PBXProject "FoodTracker" */;
			compatibilityVersion = "Xcode 9.3";
			developmentRegion = en;
			hasScannedForEncodings = 0;
			knownRegions = (
				en,
				Base,
			);
			mainGroup = 6B02568323D5BD37000CD9BD;
			productRefGroup = 6B02568D23D5BD37000CD9BD /* Products */;
			projectDirPath = "";
			projectRoot = "";
			targets = (
				6B02568B23D5BD37000CD9BD /* FoodTracker */,
				6B0256A123D5BD3F000CD9BD /* FoodTrackerTests */,
			);
		};
/* End PBXProject section */

/* Begin PBXResourcesBuildPhase section */
		6B02568A23D5BD37000CD9BD /* Resources */ = {
			isa = PBXResourcesBuildPhase;
			buildActionMask = 2147483647;
			files = (
				6B02569C23D5BD3E000CD9BD /* LaunchScreen.storyboard in Resources */,
				6B02569923D5BD3E000CD9BD /* Assets.xcassets in Resources */,
				6B02569723D5BD37000CD9BD /* Main.storyboard in Resources */,
			);
			runOnlyForDeploymentPostprocessing = 0;
		};
		6B0256A023D5BD3F000CD9BD /* Resources */ = {
			isa = PBXResourcesBuildPhase;
			buildActionMask = 2147483647;
			files = (
			);
			runOnlyForDeploymentPostprocessing = 0;
		};
/* End PBXResourcesBuildPhase section */

/* Begin PBXSourcesBuildPhase section */
		6B02568823D5BD37000CD9BD /* Sources */ = {
			isa = PBXSourcesBuildPhase;
			buildActionMask = 2147483647;
			files = (
				6449ADB0249616130088BCE1 /* Meal.swift in Sources */,
				6449ADAE2494E32D0088BCE1 /* RatingControl.swift in Sources */,
				6449ADB624964BCC0088BCE1 /* MealTableViewController.swift in Sources */,
				6449ADB424963AEE0088BCE1 /* MealTableViewCell.swift in Sources */,
				6B02569423D5BD37000CD9BD /* MealDetailViewController.swift in Sources */,
				6B02569023D5BD37000CD9BD /* AppDelegate.swift in Sources */,
				6B02569223D5BD37000CD9BD /* SceneDelegate.swift in Sources */,
			);
			runOnlyForDeploymentPostprocessing = 0;
		};
		6B02569E23D5BD3F000CD9BD /* Sources */ = {
			isa = PBXSourcesBuildPhase;
			buildActionMask = 2147483647;
			files = (
				6B0256A723D5BD3F000CD9BD /* FoodTrackerTests.swift in Sources */,
			);
			runOnlyForDeploymentPostprocessing = 0;
		};
/* End PBXSourcesBuildPhase section */

/* Begin PBXTargetDependency section */
		6B0256A423D5BD3F000CD9BD /* PBXTargetDependency */ = {
			isa = PBXTargetDependency;
			target = 6B02568B23D5BD37000CD9BD /* FoodTracker */;
			targetProxy = 6B0256A323D5BD3F000CD9BD /* PBXContainerItemProxy */;
		};
/* End PBXTargetDependency section */

/* Begin PBXVariantGroup section */
		6B02569523D5BD37000CD9BD /* Main.storyboard */ = {
			isa = PBXVariantGroup;
			children = (
				6B02569623D5BD37000CD9BD /* Base */,
			);
			name = Main.storyboard;
			sourceTree = "<group>";
		};
		6B02569A23D5BD3E000CD9BD /* LaunchScreen.storyboard */ = {
			isa = PBXVariantGroup;
			children = (
				6B02569B23D5BD3E000CD9BD /* Base */,
			);
			name = LaunchScreen.storyboard;
			sourceTree = "<group>";
		};
/* End PBXVariantGroup section */

/* Begin XCBuildConfiguration section */
		6B0256A923D5BD3F000CD9BD /* Debug */ = {
			isa = XCBuildConfiguration;
			buildSettings = {
				ALWAYS_SEARCH_USER_PATHS = NO;
				CLANG_ANALYZER_NONNULL = YES;
				CLANG_ANALYZER_NUMBER_OBJECT_CONVERSION = YES_AGGRESSIVE;
				CLANG_CXX_LANGUAGE_STANDARD = "gnu++14";
				CLANG_CXX_LIBRARY = "libc++";
				CLANG_ENABLE_MODULES = YES;
				CLANG_ENABLE_OBJC_ARC = YES;
				CLANG_ENABLE_OBJC_WEAK = YES;
				CLANG_WARN_BLOCK_CAPTURE_AUTORELEASING = YES;
				CLANG_WARN_BOOL_CONVERSION = YES;
				CLANG_WARN_COMMA = YES;
				CLANG_WARN_CONSTANT_CONVERSION = YES;
				CLANG_WARN_DEPRECATED_OBJC_IMPLEMENTATIONS = YES;
				CLANG_WARN_DIRECT_OBJC_ISA_USAGE = YES_ERROR;
				CLANG_WARN_DOCUMENTATION_COMMENTS = YES;
				CLANG_WARN_EMPTY_BODY = YES;
				CLANG_WARN_ENUM_CONVERSION = YES;
				CLANG_WARN_INFINITE_RECURSION = YES;
				CLANG_WARN_INT_CONVERSION = YES;
				CLANG_WARN_NON_LITERAL_NULL_CONVERSION = YES;
				CLANG_WARN_OBJC_IMPLICIT_RETAIN_SELF = YES;
				CLANG_WARN_OBJC_LITERAL_CONVERSION = YES;
				CLANG_WARN_OBJC_ROOT_CLASS = YES_ERROR;
				CLANG_WARN_RANGE_LOOP_ANALYSIS = YES;
				CLANG_WARN_STRICT_PROTOTYPES = YES;
				CLANG_WARN_SUSPICIOUS_MOVE = YES;
				CLANG_WARN_UNGUARDED_AVAILABILITY = YES_AGGRESSIVE;
				CLANG_WARN_UNREACHABLE_CODE = YES;
				CLANG_WARN__DUPLICATE_METHOD_MATCH = YES;
				COPY_PHASE_STRIP = NO;
				DEBUG_INFORMATION_FORMAT = dwarf;
				ENABLE_STRICT_OBJC_MSGSEND = YES;
				ENABLE_TESTABILITY = YES;
				GCC_C_LANGUAGE_STANDARD = gnu11;
				GCC_DYNAMIC_NO_PIC = NO;
				GCC_NO_COMMON_BLOCKS = YES;
				GCC_OPTIMIZATION_LEVEL = 0;
				GCC_PREPROCESSOR_DEFINITIONS = (
					"DEBUG=1",
					"$(inherited)",
				);
				GCC_WARN_64_TO_32_BIT_CONVERSION = YES;
				GCC_WARN_ABOUT_RETURN_TYPE = YES_ERROR;
				GCC_WARN_UNDECLARED_SELECTOR = YES;
				GCC_WARN_UNINITIALIZED_AUTOS = YES_AGGRESSIVE;
				GCC_WARN_UNUSED_FUNCTION = YES;
				GCC_WARN_UNUSED_VARIABLE = YES;
				IPHONEOS_DEPLOYMENT_TARGET = 13.2;
				MTL_ENABLE_DEBUG_INFO = INCLUDE_SOURCE;
				MTL_FAST_MATH = YES;
				ONLY_ACTIVE_ARCH = YES;
				SDKROOT = iphoneos;
				SWIFT_ACTIVE_COMPILATION_CONDITIONS = DEBUG;
				SWIFT_OPTIMIZATION_LEVEL = "-Onone";
			};
			name = Debug;
		};
		6B0256AA23D5BD3F000CD9BD /* Release */ = {
			isa = XCBuildConfiguration;
			buildSettings = {
				ALWAYS_SEARCH_USER_PATHS = NO;
				CLANG_ANALYZER_NONNULL = YES;
				CLANG_ANALYZER_NUMBER_OBJECT_CONVERSION = YES_AGGRESSIVE;
				CLANG_CXX_LANGUAGE_STANDARD = "gnu++14";
				CLANG_CXX_LIBRARY = "libc++";
				CLANG_ENABLE_MODULES = YES;
				CLANG_ENABLE_OBJC_ARC = YES;
				CLANG_ENABLE_OBJC_WEAK = YES;
				CLANG_WARN_BLOCK_CAPTURE_AUTORELEASING = YES;
				CLANG_WARN_BOOL_CONVERSION = YES;
				CLANG_WARN_COMMA = YES;
				CLANG_WARN_CONSTANT_CONVERSION = YES;
				CLANG_WARN_DEPRECATED_OBJC_IMPLEMENTATIONS = YES;
				CLANG_WARN_DIRECT_OBJC_ISA_USAGE = YES_ERROR;
				CLANG_WARN_DOCUMENTATION_COMMENTS = YES;
				CLANG_WARN_EMPTY_BODY = YES;
				CLANG_WARN_ENUM_CONVERSION = YES;
				CLANG_WARN_INFINITE_RECURSION = YES;
				CLANG_WARN_INT_CONVERSION = YES;
				CLANG_WARN_NON_LITERAL_NULL_CONVERSION = YES;
				CLANG_WARN_OBJC_IMPLICIT_RETAIN_SELF = YES;
				CLANG_WARN_OBJC_LITERAL_CONVERSION = YES;
				CLANG_WARN_OBJC_ROOT_CLASS = YES_ERROR;
				CLANG_WARN_RANGE_LOOP_ANALYSIS = YES;
				CLANG_WARN_STRICT_PROTOTYPES = YES;
				CLANG_WARN_SUSPICIOUS_MOVE = YES;
				CLANG_WARN_UNGUARDED_AVAILABILITY = YES_AGGRESSIVE;
				CLANG_WARN_UNREACHABLE_CODE = YES;
				CLANG_WARN__DUPLICATE_METHOD_MATCH = YES;
				COPY_PHASE_STRIP = NO;
				DEBUG_INFORMATION_FORMAT = "dwarf-with-dsym";
				ENABLE_NS_ASSERTIONS = NO;
				ENABLE_STRICT_OBJC_MSGSEND = YES;
				GCC_C_LANGUAGE_STANDARD = gnu11;
				GCC_NO_COMMON_BLOCKS = YES;
				GCC_WARN_64_TO_32_BIT_CONVERSION = YES;
				GCC_WARN_ABOUT_RETURN_TYPE = YES_ERROR;
				GCC_WARN_UNDECLARED_SELECTOR = YES;
				GCC_WARN_UNINITIALIZED_AUTOS = YES_AGGRESSIVE;
				GCC_WARN_UNUSED_FUNCTION = YES;
				GCC_WARN_UNUSED_VARIABLE = YES;
				IPHONEOS_DEPLOYMENT_TARGET = 13.2;
				MTL_ENABLE_DEBUG_INFO = NO;
				MTL_FAST_MATH = YES;
				SDKROOT = iphoneos;
				SWIFT_COMPILATION_MODE = wholemodule;
				SWIFT_OPTIMIZATION_LEVEL = "-O";
				VALIDATE_PRODUCT = YES;
			};
			name = Release;
		};
		6B0256AC23D5BD3F000CD9BD /* Debug */ = {
			isa = XCBuildConfiguration;
			buildSettings = {
				ASSETCATALOG_COMPILER_APPICON_NAME = AppIcon;
				CODE_SIGN_STYLE = Automatic;
				INFOPLIST_FILE = FoodTracker/Info.plist;
				LD_RUNPATH_SEARCH_PATHS = (
					"$(inherited)",
					"@executable_path/Frameworks",
				);
				PRODUCT_BUNDLE_IDENTIFIER = com.example.FoodTracker;
				PRODUCT_NAME = "$(TARGET_NAME)";
				SWIFT_VERSION = 5.0;
				TARGETED_DEVICE_FAMILY = "1,2";
			};
			name = Debug;
		};
		6B0256AD23D5BD3F000CD9BD /* Release */ = {
			isa = XCBuildConfiguration;
			buildSettings = {
				ASSETCATALOG_COMPILER_APPICON_NAME = AppIcon;
				CODE_SIGN_STYLE = Automatic;
				INFOPLIST_FILE = FoodTracker/Info.plist;
				LD_RUNPATH_SEARCH_PATHS = (
					"$(inherited)",
					"@executable_path/Frameworks",
				);
				PRODUCT_BUNDLE_IDENTIFIER = com.example.FoodTracker;
				PRODUCT_NAME = "$(TARGET_NAME)";
				SWIFT_VERSION = 5.0;
				TARGETED_DEVICE_FAMILY = "1,2";
			};
			name = Release;
		};
		6B0256AF23D5BD3F000CD9BD /* Debug */ = {
			isa = XCBuildConfiguration;
			buildSettings = {
				ALWAYS_EMBED_SWIFT_STANDARD_LIBRARIES = YES;
				BUNDLE_LOADER = "$(TEST_HOST)";
				CODE_SIGN_STYLE = Automatic;
				INFOPLIST_FILE = FoodTrackerTests/Info.plist;
				IPHONEOS_DEPLOYMENT_TARGET = 13.2;
				LD_RUNPATH_SEARCH_PATHS = (
					"$(inherited)",
					"@executable_path/Frameworks",
					"@loader_path/Frameworks",
				);
				PRODUCT_BUNDLE_IDENTIFIER = com.example.FoodTrackerTests;
				PRODUCT_NAME = "$(TARGET_NAME)";
				SWIFT_VERSION = 5.0;
				TARGETED_DEVICE_FAMILY = "1,2";
				TEST_HOST = "$(BUILT_PRODUCTS_DIR)/FoodTracker.app/FoodTracker";
			};
			name = Debug;
		};
		6B0256B023D5BD3F000CD9BD /* Release */ = {
			isa = XCBuildConfiguration;
			buildSettings = {
				ALWAYS_EMBED_SWIFT_STANDARD_LIBRARIES = YES;
				BUNDLE_LOADER = "$(TEST_HOST)";
				CODE_SIGN_STYLE = Automatic;
				INFOPLIST_FILE = FoodTrackerTests/Info.plist;
				IPHONEOS_DEPLOYMENT_TARGET = 13.2;
				LD_RUNPATH_SEARCH_PATHS = (
					"$(inherited)",
					"@executable_path/Frameworks",
					"@loader_path/Frameworks",
				);
				PRODUCT_BUNDLE_IDENTIFIER = com.example.FoodTrackerTests;
				PRODUCT_NAME = "$(TARGET_NAME)";
				SWIFT_VERSION = 5.0;
				TARGETED_DEVICE_FAMILY = "1,2";
				TEST_HOST = "$(BUILT_PRODUCTS_DIR)/FoodTracker.app/FoodTracker";
			};
			name = Release;
		};
/* End XCBuildConfiguration section */

/* Begin XCConfigurationList section */
		6B02568723D5BD37000CD9BD /* Build configuration list for PBXProject "FoodTracker" */ = {
			isa = XCConfigurationList;
			buildConfigurations = (
				6B0256A923D5BD3F000CD9BD /* Debug */,
				6B0256AA23D5BD3F000CD9BD /* Release */,
			);
			defaultConfigurationIsVisible = 0;
			defaultConfigurationName = Release;
		};
		6B0256AB23D5BD3F000CD9BD /* Build configuration list for PBXNativeTarget "FoodTracker" */ = {
			isa = XCConfigurationList;
			buildConfigurations = (
				6B0256AC23D5BD3F000CD9BD /* Debug */,
				6B0256AD23D5BD3F000CD9BD /* Release */,
			);
			defaultConfigurationIsVisible = 0;
			defaultConfigurationName = Release;
		};
		6B0256AE23D5BD3F000CD9BD /* Build configuration list for PBXNativeTarget "FoodTrackerTests" */ = {
			isa = XCConfigurationList;
			buildConfigurations = (
				6B0256AF23D5BD3F000CD9BD /* Debug */,
				6B0256B023D5BD3F000CD9BD /* Release */,
			);
			defaultConfigurationIsVisible = 0;
			defaultConfigurationName = Release;
		};
/* End XCConfigurationList section */
	};
	rootObject = 6B02568423D5BD37000CD9BD /* Project object */;
}
